
Microsoft Visual Studio Solution File, Format Version 12.00
# Visual Studio Version 16
VisualStudioVersion = 16.0.29613.14
MinimumVisualStudioVersion = 10.0.40219.1
Project("{FAE04EC0-301F-11D3-BF4B-00C04F79EFBC}") = "WebMotors.Core", "..\WebMotors.Core\WebMotors.Core.csproj", "{F48F5DC8-3574-4FB2-8703-ED5D46EBBCC5}"
EndProject
Project("{FAE04EC0-301F-11D3-BF4B-00C04F79EFBC}") = "WebMotors.Service", "..\WebMotors.Service\WebMotors.Service.csproj", "{C5DAFD99-571E-4E8E-A458-E6E1B15943C9}"
EndProject
Project("{FAE04EC0-301F-11D3-BF4B-00C04F79EFBC}") = "WebMotors.Repository", "..\WebMotors.Repository\WebMotors.Repository.csproj", "{4D3C3B02-C999-4106-BB0E-20FBF009070F}"
EndProject
Project("{FAE04EC0-301F-11D3-BF4B-00C04F79EFBC}") = "WebApi", "..\WebApi\WebApi.csproj", "{CAD0D1BD-4C98-46A0-951D-B843FF163049}"
EndProject
Global
	GlobalSection(SolutionConfigurationPlatforms) = preSolution
		Debug|Any CPU = Debug|Any CPU
		Release|Any CPU = Release|Any CPU
	EndGlobalSection
	GlobalSection(ProjectConfigurationPlatforms) = postSolution
		{F48F5DC8-3574-4FB2-8703-ED5D46EBBCC5}.Debug|Any CPU.ActiveCfg = Debug|Any CPU
		{F48F5DC8-3574-4FB2-8703-ED5D46EBBCC5}.Debug|Any CPU.Build.0 = Debug|Any CPU
		{F48F5DC8-3574-4FB2-8703-ED5D46EBBCC5}.Release|Any CPU.ActiveCfg = Release|Any CPU
		{F48F5DC8-3574-4FB2-8703-ED5D46EBBCC5}.Release|Any CPU.Build.0 = Release|Any CPU
		{C5DAFD99-571E-4E8E-A458-E6E1B15943C9}.Debug|Any CPU.ActiveCfg = Debug|Any CPU
		{C5DAFD99-571E-4E8E-A458-E6E1B15943C9}.Debug|Any CPU.Build.0 = Debug|Any CPU
		{C5DAFD99-571E-4E8E-A458-E6E1B15943C9}.Release|Any CPU.ActiveCfg = Release|Any CPU
		{C5DAFD99-571E-4E8E-A458-E6E1B15943C9}.Release|Any CPU.Build.0 = Release|Any CPU
		{4D3C3B02-C999-4106-BB0E-20FBF009070F}.Debug|Any CPU.ActiveCfg = Debug|Any CPU
		{4D3C3B02-C999-4106-BB0E-20FBF009070F}.Debug|Any CPU.Build.0 = Debug|Any CPU
		{4D3C3B02-C999-4106-BB0E-20FBF009070F}.Release|Any CPU.ActiveCfg = Release|Any CPU
		{4D3C3B02-C999-4106-BB0E-20FBF009070F}.Release|Any CPU.Build.0 = Release|Any CPU
		{CAD0D1BD-4C98-46A0-951D-B843FF163049}.Debug|Any CPU.ActiveCfg = Debug|Any CPU
		{CAD0D1BD-4C98-46A0-951D-B843FF163049}.Debug|Any CPU.Build.0 = Debug|Any CPU
		{CAD0D1BD-4C98-46A0-951D-B843FF163049}.Release|Any CPU.ActiveCfg = Release|Any CPU
		{CAD0D1BD-4C98-46A0-951D-B843FF163049}.Release|Any CPU.Build.0 = Release|Any CPU
	EndGlobalSection
	GlobalSection(SolutionProperties) = preSolution
		HideSolutionNode = FALSE
	EndGlobalSection
	GlobalSection(ExtensibilityGlobals) = postSolution
		SolutionGuid = {80698AD5-B47B-433D-AC6F-C085659BD0D6}
	EndGlobalSection
EndGlobal
